
Microsoft Visual Studio Solution File, Format Version 12.00
# Visual Studio Version 17
VisualStudioVersion = 17.2.32519.379
MinimumVisualStudioVersion = 10.0.40219.1
Project("{FAE04EC0-301F-11D3-BF4B-00C04F79EFBC}") = "DotNetFormatTest", "DotNetFormatTest\DotNetFormatTest.csproj", "{34482C2F-AD02-4D60-AF70-D1152617A1E2}"
EndProject
Global
	GlobalSection(SolutionConfigurationPlatforms) = preSolution
		Debug|Any CPU = Debug|Any CPU
		Release|Any CPU = Release|Any CPU
	EndGlobalSection
	GlobalSection(ProjectConfigurationPlatforms) = postSolution
		{34482C2F-AD02-4D60-AF70-D1152617A1E2}.Debug|Any CPU.ActiveCfg = Debug|Any CPU
		{34482C2F-AD02-4D60-AF70-D1152617A1E2}.Debug|Any CPU.Build.0 = Debug|Any CPU
		{34482C2F-AD02-4D60-AF70-D1152617A1E2}.Release|Any CPU.ActiveCfg = Release|Any CPU
		{34482C2F-AD02-4D60-AF70-D1152617A1E2}.Release|Any CPU.Build.0 = Release|Any CPU
	EndGlobalSection
	GlobalSection(SolutionProperties) = preSolution
		HideSolutionNode = FALSE
	EndGlobalSection
	GlobalSection(ExtensibilityGlobals) = postSolution
		SolutionGuid = {BCC9E18F-A7EC-4FC8-8819-0BF37097D9C3}
	EndGlobalSection
EndGlobal
